
Microsoft Visual Studio Solution File, Format Version 12.00
# Visual Studio Version 16
VisualStudioVersion = 16.0.30114.105
MinimumVisualStudioVersion = 10.0.40219.1
Project("{F2A71F9B-5D33-465A-A702-920D77279786}") = "PythagoreanSeries", "PythagoreanSeries\PythagoreanSeries.fsproj", "{927059EB-7830-452A-9CBC-1B9C04D1D53D}"
EndProject
Project("{F2A71F9B-5D33-465A-A702-920D77279786}") = "PythagoreanSeries.Tests", "PythagoreanSeries.Tests\PythagoreanSeries.Tests.fsproj", "{BCA0E4F7-2B06-4D44-8ABB-9B5303FAF044}"
EndProject
Global
	GlobalSection(SolutionConfigurationPlatforms) = preSolution
		Debug|Any CPU = Debug|Any CPU
		Debug|x64 = Debug|x64
		Debug|x86 = Debug|x86
		Release|Any CPU = Release|Any CPU
		Release|x64 = Release|x64
		Release|x86 = Release|x86
	EndGlobalSection
	GlobalSection(SolutionProperties) = preSolution
		HideSolutionNode = FALSE
	EndGlobalSection
	GlobalSection(ProjectConfigurationPlatforms) = postSolution
		{927059EB-7830-452A-9CBC-1B9C04D1D53D}.Debug|Any CPU.ActiveCfg = Debug|Any CPU
		{927059EB-7830-452A-9CBC-1B9C04D1D53D}.Debug|Any CPU.Build.0 = Debug|Any CPU
		{927059EB-7830-452A-9CBC-1B9C04D1D53D}.Debug|x64.ActiveCfg = Debug|Any CPU
		{927059EB-7830-452A-9CBC-1B9C04D1D53D}.Debug|x64.Build.0 = Debug|Any CPU
		{927059EB-7830-452A-9CBC-1B9C04D1D53D}.Debug|x86.ActiveCfg = Debug|Any CPU
		{927059EB-7830-452A-9CBC-1B9C04D1D53D}.Debug|x86.Build.0 = Debug|Any CPU
		{927059EB-7830-452A-9CBC-1B9C04D1D53D}.Release|Any CPU.ActiveCfg = Release|Any CPU
		{927059EB-7830-452A-9CBC-1B9C04D1D53D}.Release|Any CPU.Build.0 = Release|Any CPU
		{927059EB-7830-452A-9CBC-1B9C04D1D53D}.Release|x64.ActiveCfg = Release|Any CPU
		{927059EB-7830-452A-9CBC-1B9C04D1D53D}.Release|x64.Build.0 = Release|Any CPU
		{927059EB-7830-452A-9CBC-1B9C04D1D53D}.Release|x86.ActiveCfg = Release|Any CPU
		{927059EB-7830-452A-9CBC-1B9C04D1D53D}.Release|x86.Build.0 = Release|Any CPU
		{BCA0E4F7-2B06-4D44-8ABB-9B5303FAF044}.Debug|Any CPU.ActiveCfg = Debug|Any CPU
		{BCA0E4F7-2B06-4D44-8ABB-9B5303FAF044}.Debug|Any CPU.Build.0 = Debug|Any CPU
		{BCA0E4F7-2B06-4D44-8ABB-9B5303FAF044}.Debug|x64.ActiveCfg = Debug|Any CPU
		{BCA0E4F7-2B06-4D44-8ABB-9B5303FAF044}.Debug|x64.Build.0 = Debug|Any CPU
		{BCA0E4F7-2B06-4D44-8ABB-9B5303FAF044}.Debug|x86.ActiveCfg = Debug|Any CPU
		{BCA0E4F7-2B06-4D44-8ABB-9B5303FAF044}.Debug|x86.Build.0 = Debug|Any CPU
		{BCA0E4F7-2B06-4D44-8ABB-9B5303FAF044}.Release|Any CPU.ActiveCfg = Release|Any CPU
		{BCA0E4F7-2B06-4D44-8ABB-9B5303FAF044}.Release|Any CPU.Build.0 = Release|Any CPU
		{BCA0E4F7-2B06-4D44-8ABB-9B5303FAF044}.Release|x64.ActiveCfg = Release|Any CPU
		{BCA0E4F7-2B06-4D44-8ABB-9B5303FAF044}.Release|x64.Build.0 = Release|Any CPU
		{BCA0E4F7-2B06-4D44-8ABB-9B5303FAF044}.Release|x86.ActiveCfg = Release|Any CPU
		{BCA0E4F7-2B06-4D44-8ABB-9B5303FAF044}.Release|x86.Build.0 = Release|Any CPU
	EndGlobalSection
EndGlobal
